// !$*UTF8*$!
{
	archiveVersion = 1;
	classes = {
	};
	objectVersion = 46;
	objects = {

/* Begin PBXBuildFile section */
		9301FB4D1575BA6000D20688 /* ContactsIcon.png in Resources */ = {isa = PBXBuildFile; fileRef = 9301FB491575BA6000D20688 /* ContactsIcon.png */; };
		9301FB4E1575BA6000D20688 /* MapViewIcon.png in Resources */ = {isa = PBXBuildFile; fileRef = 9301FB4A1575BA6000D20688 /* MapViewIcon.png */; };
		9301FB4F1575BA6000D20688 /* MessageIcon.png in Resources */ = {isa = PBXBuildFile; fileRef = 9301FB4B1575BA6000D20688 /* MessageIcon.png */; };
		9301FB501575BA6000D20688 /* SettingsIcon.png in Resources */ = {isa = PBXBuildFile; fileRef = 9301FB4C1575BA6000D20688 /* SettingsIcon.png */; };
		9302F3061577E36300DA6648 /* Images.m in Sources */ = {isa = PBXBuildFile; fileRef = 9302F3041577E36300DA6648 /* Images.m */; };
		9302F30F1577E39800DA6648 /* Location.m in Sources */ = {isa = PBXBuildFile; fileRef = 9302F30A1577E39800DA6648 /* Location.m */; };
		9302F3101577E39800DA6648 /* Messages.m in Sources */ = {isa = PBXBuildFile; fileRef = 9302F30C1577E39800DA6648 /* Messages.m */; };
		9302F3111577E39800DA6648 /* OwnSettings.m in Sources */ = {isa = PBXBuildFile; fileRef = 9302F30E1577E39800DA6648 /* OwnSettings.m */; };
		9302F3141577E3A700DA6648 /* iMNetData.xcdatamodeld in Sources */ = {isa = PBXBuildFile; fileRef = 9302F3121577E3A700DA6648 /* iMNetData.xcdatamodeld */; };
		930F07321575962100F39890 /* UIKit.framework in Frameworks */ = {isa = PBXBuildFile; fileRef = 930F07311575962100F39890 /* UIKit.framework */; };
		930F07341575962100F39890 /* Foundation.framework in Frameworks */ = {isa = PBXBuildFile; fileRef = 930F07331575962100F39890 /* Foundation.framework */; };
		930F07361575962100F39890 /* CoreGraphics.framework in Frameworks */ = {isa = PBXBuildFile; fileRef = 930F07351575962100F39890 /* CoreGraphics.framework */; };
		930F073C1575962100F39890 /* InfoPlist.strings in Resources */ = {isa = PBXBuildFile; fileRef = 930F073A1575962100F39890 /* InfoPlist.strings */; };
		930F073E1575962100F39890 /* main.m in Sources */ = {isa = PBXBuildFile; fileRef = 930F073D1575962100F39890 /* main.m */; };
		930F07421575962100F39890 /* AppDelegate.m in Sources */ = {isa = PBXBuildFile; fileRef = 930F07411575962100F39890 /* AppDelegate.m */; };
		930F07451575962100F39890 /* MainStoryboard_iPhone.storyboard in Resources */ = {isa = PBXBuildFile; fileRef = 930F07431575962100F39890 /* MainStoryboard_iPhone.storyboard */; };
		930F07481575962100F39890 /* MainStoryboard_iPad.storyboard in Resources */ = {isa = PBXBuildFile; fileRef = 930F07461575962100F39890 /* MainStoryboard_iPad.storyboard */; };
		930F075E1575962100F39890 /* SenTestingKit.framework in Frameworks */ = {isa = PBXBuildFile; fileRef = 930F075D1575962100F39890 /* SenTestingKit.framework */; };
		930F075F1575962100F39890 /* UIKit.framework in Frameworks */ = {isa = PBXBuildFile; fileRef = 930F07311575962100F39890 /* UIKit.framework */; };
		930F07601575962100F39890 /* Foundation.framework in Frameworks */ = {isa = PBXBuildFile; fileRef = 930F07331575962100F39890 /* Foundation.framework */; };
		930F07681575962100F39890 /* InfoPlist.strings in Resources */ = {isa = PBXBuildFile; fileRef = 930F07661575962100F39890 /* InfoPlist.strings */; };
		930F076B1575962100F39890 /* iMNet_v2Tests.m in Sources */ = {isa = PBXBuildFile; fileRef = 930F076A1575962100F39890 /* iMNet_v2Tests.m */; };
		9318A32F1575B401000E877A /* SettingsViewController.m in Sources */ = {isa = PBXBuildFile; fileRef = 9318A32E1575B400000E877A /* SettingsViewController.m */; };
		9356E2D715792D9100756ED2 /* green.png in Resources */ = {isa = PBXBuildFile; fileRef = 9356E2D515792D9100756ED2 /* green.png */; };
		9356E2D815792D9100756ED2 /* grey.png in Resources */ = {isa = PBXBuildFile; fileRef = 9356E2D615792D9100756ED2 /* grey.png */; };
		9356E2E11579420700756ED2 /* MessageLogViewController.m in Sources */ = {isa = PBXBuildFile; fileRef = 9356E2E01579420700756ED2 /* MessageLogViewController.m */; };
		9356E2F8157ACE0F00756ED2 /* libRscMgrUniv.a in Frameworks */ = {isa = PBXBuildFile; fileRef = 9356E2F5157ACE0F00756ED2 /* libRscMgrUniv.a */; };
		938C43DD157F4569008508DB /* NetworkSettingsViewController.m in Sources */ = {isa = PBXBuildFile; fileRef = 938C43DC157F4569008508DB /* NetworkSettingsViewController.m */; };
		938E8131157ACFEA00E7DCC7 /* ExternalAccessory.framework in Frameworks */ = {isa = PBXBuildFile; fileRef = 938E8130157ACFEA00E7DCC7 /* ExternalAccessory.framework */; };
		93B13B3A157AE4FE006F5BA4 /* hexConvert.m in Sources */ = {isa = PBXBuildFile; fileRef = 93B13B35157AE4FE006F5BA4 /* hexConvert.m */; };
		93B13B3B157AE4FE006F5BA4 /* XbeeRx.m in Sources */ = {isa = PBXBuildFile; fileRef = 93B13B37157AE4FE006F5BA4 /* XbeeRx.m */; };
		93B13B3C157AE4FE006F5BA4 /* XbeeTx.m in Sources */ = {isa = PBXBuildFile; fileRef = 93B13B39157AE4FE006F5BA4 /* XbeeTx.m */; };
		93E7171E1575A0120089A3D8 /* MessageViewController.m in Sources */ = {isa = PBXBuildFile; fileRef = 93E7171D1575A0120089A3D8 /* MessageViewController.m */; };
		93E717211575A0D50089A3D8 /* ContactsViewController.m in Sources */ = {isa = PBXBuildFile; fileRef = 93E717201575A0D50089A3D8 /* ContactsViewController.m */; };
		93E717271575A8720089A3D8 /* ContactDetailsViewController.m in Sources */ = {isa = PBXBuildFile; fileRef = 93E717261575A8720089A3D8 /* ContactDetailsViewController.m */; };
		93E7172A1575ABF00089A3D8 /* PersonalInfoViewController.m in Sources */ = {isa = PBXBuildFile; fileRef = 93E717291575ABF00089A3D8 /* PersonalInfoViewController.m */; };
		9F02492315765B28008DDD6B /* loading.png in Resources */ = {isa = PBXBuildFile; fileRef = 9F02491D15765B27008DDD6B /* loading.png */; };
		9F02492415765B28008DDD6B /* marker-X.png in Resources */ = {isa = PBXBuildFile; fileRef = 9F02491E15765B27008DDD6B /* marker-X.png */; };
		9F02492515765B28008DDD6B /* marker-blue.png in Resources */ = {isa = PBXBuildFile; fileRef = 9F02491F15765B27008DDD6B /* marker-blue.png */; };
		9F02492615765B28008DDD6B /* marker-red-withletter.png in Resources */ = {isa = PBXBuildFile; fileRef = 9F02492015765B27008DDD6B /* marker-red-withletter.png */; };
		9F02492715765B28008DDD6B /* marker-red.png in Resources */ = {isa = PBXBuildFile; fileRef = 9F02492115765B27008DDD6B /* marker-red.png */; };
		9F02492815765B28008DDD6B /* marker-blue-withletter.png in Resources */ = {isa = PBXBuildFile; fileRef = 9F02492215765B27008DDD6B /* marker-blue-withletter.png */; };
		9F02493015765C9C008DDD6B /* 13-target.png in Resources */ = {isa = PBXBuildFile; fileRef = 9F02492915765C9B008DDD6B /* 13-target.png */; };
		9F02493115765C9C008DDD6B /* 71-compass.png in Resources */ = {isa = PBXBuildFile; fileRef = 9F02492A15765C9B008DDD6B /* 71-compass.png */; };
		9F02493215765C9C008DDD6B /* 72-pin.png in Resources */ = {isa = PBXBuildFile; fileRef = 9F02492B15765C9B008DDD6B /* 72-pin.png */; };
		9F02493315765C9C008DDD6B /* 73-radar.png in Resources */ = {isa = PBXBuildFile; fileRef = 9F02492C15765C9B008DDD6B /* 73-radar.png */; };
		9F02493415765C9C008DDD6B /* 74-location.png in Resources */ = {isa = PBXBuildFile; fileRef = 9F02492D15765C9B008DDD6B /* 74-location.png */; };
		9F02493515765C9C008DDD6B /* 81-dashboard.png in Resources */ = {isa = PBXBuildFile; fileRef = 9F02492E15765C9B008DDD6B /* 81-dashboard.png */; };
		9F02493615765C9C008DDD6B /* 193-location-arrow.png in Resources */ = {isa = PBXBuildFile; fileRef = 9F02492F15765C9C008DDD6B /* 193-location-arrow.png */; };
		9F02493C1576669C008DDD6B /* delete_24.png in Resources */ = {isa = PBXBuildFile; fileRef = 9F02493B1576669C008DDD6B /* delete_24.png */; };
		9F02493E157666FC008DDD6B /* information_24.png in Resources */ = {isa = PBXBuildFile; fileRef = 9F02493D157666FC008DDD6B /* information_24.png */; };
		9F03C9FB157615E800554DCE /* CoreLocation.framework in Frameworks */ = {isa = PBXBuildFile; fileRef = 9F03C9FA157615E800554DCE /* CoreLocation.framework */; };
		9F03C9FD157615FE00554DCE /* QuartzCore.framework in Frameworks */ = {isa = PBXBuildFile; fileRef = 9F03C9FC157615FD00554DCE /* QuartzCore.framework */; };
		9F03C9FF1576161600554DCE /* libsqlite3.dylib in Frameworks */ = {isa = PBXBuildFile; fileRef = 9F03C9FE1576161600554DCE /* libsqlite3.dylib */; };
		9F03CA001576162100554DCE /* libMapView.a in Frameworks */ = {isa = PBXBuildFile; fileRef = 9F03C9F11576158600554DCE /* libMapView.a */; };
		9F100E421577E513008E3015 /* CoreData.framework in Frameworks */ = {isa = PBXBuildFile; fileRef = 9F100E411577E513008E3015 /* CoreData.framework */; };
		9F20B46915767441004315B1 /* AddPinInfoViewController.m in Sources */ = {isa = PBXBuildFile; fileRef = 9F20B46815767441004315B1 /* AddPinInfoViewController.m */; };
		9F20B47E15768680004315B1 /* MapChoseTableViewController.m in Sources */ = {isa = PBXBuildFile; fileRef = 9F20B47D15768680004315B1 /* MapChoseTableViewController.m */; };
		9F2442821577EBDD001D3876 /* Contacts.m in Sources */ = {isa = PBXBuildFile; fileRef = 9F2442811577EBDD001D3876 /* Contacts.m */; };
		9F4F7D4015761A780040496D /* control-room-0.2.0.mbtiles in Resources */ = {isa = PBXBuildFile; fileRef = 9F4F7D3815761A780040496D /* control-room-0.2.0.mbtiles */; };
		9F4F7D4115761A780040496D /* geography-class_f9f8b8.mbtiles in Resources */ = {isa = PBXBuildFile; fileRef = 9F4F7D3915761A780040496D /* geography-class_f9f8b8.mbtiles */; };
		9F4F7D4215761A780040496D /* ConvertLocationData.m in Sources */ = {isa = PBXBuildFile; fileRef = 9F4F7D3B15761A780040496D /* ConvertLocationData.m */; };
		9F4F7D4315761A780040496D /* DataClass.m in Sources */ = {isa = PBXBuildFile; fileRef = 9F4F7D3D15761A780040496D /* DataClass.m */; };
		9F4F7D4415761A780040496D /* MyCLController.m in Sources */ = {isa = PBXBuildFile; fileRef = 9F4F7D3F15761A780040496D /* MyCLController.m */; };
		9F4F7D4715761B0E0040496D /* MapViewController.m in Sources */ = {isa = PBXBuildFile; fileRef = 9F4F7D4615761B0E0040496D /* MapViewController.m */; };
		9F4F7D4D15762EF50040496D /* iMNet icon.png in Resources */ = {isa = PBXBuildFile; fileRef = 9F4F7D4C15762EF50040496D /* iMNet icon.png */; };
		9F68F1A51577BFE90087B5C2 /* london_hyde_park_72f42f.mbtiles in Resources */ = {isa = PBXBuildFile; fileRef = 9F68F1A41577BFE90087B5C2 /* london_hyde_park_72f42f.mbtiles */; };
		9FBA7AC51577E6A6003C3F14 /* MainStoryboard_iPhone.storyboard in Resources */ = {isa = PBXBuildFile; fileRef = 930F07431575962100F39890 /* MainStoryboard_iPhone.storyboard */; };
/* End PBXBuildFile section */

/* Begin PBXContainerItemProxy section */
		930F07611575962100F39890 /* PBXContainerItemProxy */ = {
			isa = PBXContainerItemProxy;
			containerPortal = 930F07241575962100F39890 /* Project object */;
			proxyType = 1;
			remoteGlobalIDString = 930F072C1575962100F39890;
			remoteInfo = "iMNet v2";
		};
		9F03C9F01576158600554DCE /* PBXContainerItemProxy */ = {
			isa = PBXContainerItemProxy;
			containerPortal = 9F03C9E01576158500554DCE /* MapView.xcodeproj */;
			proxyType = 2;
			remoteGlobalIDString = 17F31EFA1331050A00122B16;
			remoteInfo = MapView;
		};
		9F03C9F21576158600554DCE /* PBXContainerItemProxy */ = {
			isa = PBXContainerItemProxy;
			containerPortal = 9F03C9E01576158500554DCE /* MapView.xcodeproj */;
			proxyType = 2;
			remoteGlobalIDString = 17157D87133BBC8300E28941;
			remoteInfo = MapViewTests;
		};
		9F03C9F41576158600554DCE /* PBXContainerItemProxy */ = {
			isa = PBXContainerItemProxy;
			containerPortal = 9F03C9E01576158500554DCE /* MapView.xcodeproj */;
			proxyType = 2;
			remoteGlobalIDString = 2BF3078F0F8AC5C0007014EE;
			remoteInfo = "Unit Tests";
		};
		9F4F7D4A157623DD0040496D /* PBXContainerItemProxy */ = {
			isa = PBXContainerItemProxy;
			containerPortal = 9F03C9E01576158500554DCE /* MapView.xcodeproj */;
			proxyType = 1;
			remoteGlobalIDString = B8C974130E8A19B2007D16AD;
			remoteInfo = MapView;
		};
/* End PBXContainerItemProxy section */

/* Begin PBXFileReference section */
		9301FB491575BA6000D20688 /* ContactsIcon.png */ = {isa = PBXFileReference; lastKnownFileType = image.png; path = ContactsIcon.png; sourceTree = "<group>"; };
		9301FB4A1575BA6000D20688 /* MapViewIcon.png */ = {isa = PBXFileReference; lastKnownFileType = image.png; path = MapViewIcon.png; sourceTree = "<group>"; };
		9301FB4B1575BA6000D20688 /* MessageIcon.png */ = {isa = PBXFileReference; lastKnownFileType = image.png; path = MessageIcon.png; sourceTree = "<group>"; };
		9301FB4C1575BA6000D20688 /* SettingsIcon.png */ = {isa = PBXFileReference; lastKnownFileType = image.png; path = SettingsIcon.png; sourceTree = "<group>"; };
		9302F3031577E36300DA6648 /* Images.h */ = {isa = PBXFileReference; fileEncoding = 4; lastKnownFileType = sourcecode.c.h; path = Images.h; sourceTree = SOURCE_ROOT; };
		9302F3041577E36300DA6648 /* Images.m */ = {isa = PBXFileReference; fileEncoding = 4; lastKnownFileType = sourcecode.c.objc; path = Images.m; sourceTree = SOURCE_ROOT; };
		9302F3091577E39800DA6648 /* Location.h */ = {isa = PBXFileReference; fileEncoding = 4; lastKnownFileType = sourcecode.c.h; path = Location.h; sourceTree = "<group>"; };
		9302F30A1577E39800DA6648 /* Location.m */ = {isa = PBXFileReference; fileEncoding = 4; lastKnownFileType = sourcecode.c.objc; path = Location.m; sourceTree = "<group>"; };
		9302F30B1577E39800DA6648 /* Messages.h */ = {isa = PBXFileReference; fileEncoding = 4; lastKnownFileType = sourcecode.c.h; path = Messages.h; sourceTree = "<group>"; };
		9302F30C1577E39800DA6648 /* Messages.m */ = {isa = PBXFileReference; fileEncoding = 4; lastKnownFileType = sourcecode.c.objc; path = Messages.m; sourceTree = "<group>"; };
		9302F30D1577E39800DA6648 /* OwnSettings.h */ = {isa = PBXFileReference; fileEncoding = 4; lastKnownFileType = sourcecode.c.h; path = OwnSettings.h; sourceTree = "<group>"; };
		9302F30E1577E39800DA6648 /* OwnSettings.m */ = {isa = PBXFileReference; fileEncoding = 4; lastKnownFileType = sourcecode.c.objc; path = OwnSettings.m; sourceTree = "<group>"; };
		9302F3131577E3A700DA6648 /* iMNetData.xcdatamodel */ = {isa = PBXFileReference; lastKnownFileType = wrapper.xcdatamodel; path = iMNetData.xcdatamodel; sourceTree = "<group>"; };
		930F072D1575962100F39890 /* iMNet v2.app */ = {isa = PBXFileReference; explicitFileType = wrapper.application; includeInIndex = 0; path = "iMNet v2.app"; sourceTree = BUILT_PRODUCTS_DIR; };
		930F07311575962100F39890 /* UIKit.framework */ = {isa = PBXFileReference; lastKnownFileType = wrapper.framework; name = UIKit.framework; path = System/Library/Frameworks/UIKit.framework; sourceTree = SDKROOT; };
		930F07331575962100F39890 /* Foundation.framework */ = {isa = PBXFileReference; lastKnownFileType = wrapper.framework; name = Foundation.framework; path = System/Library/Frameworks/Foundation.framework; sourceTree = SDKROOT; };
		930F07351575962100F39890 /* CoreGraphics.framework */ = {isa = PBXFileReference; lastKnownFileType = wrapper.framework; name = CoreGraphics.framework; path = System/Library/Frameworks/CoreGraphics.framework; sourceTree = SDKROOT; };
		930F07391575962100F39890 /* iMNet v2-Info.plist */ = {isa = PBXFileReference; lastKnownFileType = text.plist.xml; path = "iMNet v2-Info.plist"; sourceTree = "<group>"; };
		930F073B1575962100F39890 /* en */ = {isa = PBXFileReference; lastKnownFileType = text.plist.strings; name = en; path = en.lproj/InfoPlist.strings; sourceTree = "<group>"; };
		930F073D1575962100F39890 /* main.m */ = {isa = PBXFileReference; lastKnownFileType = sourcecode.c.objc; path = main.m; sourceTree = "<group>"; };
		930F073F1575962100F39890 /* iMNet v2-Prefix.pch */ = {isa = PBXFileReference; lastKnownFileType = sourcecode.c.h; path = "iMNet v2-Prefix.pch"; sourceTree = "<group>"; };
		930F07401575962100F39890 /* AppDelegate.h */ = {isa = PBXFileReference; lastKnownFileType = sourcecode.c.h; path = AppDelegate.h; sourceTree = "<group>"; };
		930F07411575962100F39890 /* AppDelegate.m */ = {isa = PBXFileReference; lastKnownFileType = sourcecode.c.objc; path = AppDelegate.m; sourceTree = "<group>"; };
		930F07441575962100F39890 /* en */ = {isa = PBXFileReference; lastKnownFileType = file.storyboard; name = en; path = en.lproj/MainStoryboard_iPhone.storyboard; sourceTree = "<group>"; };
		930F07471575962100F39890 /* en */ = {isa = PBXFileReference; lastKnownFileType = file.storyboard; name = en; path = en.lproj/MainStoryboard_iPad.storyboard; sourceTree = "<group>"; };
		930F075C1575962100F39890 /* iMNet v2Tests.octest */ = {isa = PBXFileReference; explicitFileType = wrapper.cfbundle; includeInIndex = 0; path = "iMNet v2Tests.octest"; sourceTree = BUILT_PRODUCTS_DIR; };
		930F075D1575962100F39890 /* SenTestingKit.framework */ = {isa = PBXFileReference; lastKnownFileType = wrapper.framework; name = SenTestingKit.framework; path = Library/Frameworks/SenTestingKit.framework; sourceTree = DEVELOPER_DIR; };
		930F07651575962100F39890 /* iMNet v2Tests-Info.plist */ = {isa = PBXFileReference; lastKnownFileType = text.plist.xml; path = "iMNet v2Tests-Info.plist"; sourceTree = "<group>"; };
		930F07671575962100F39890 /* en */ = {isa = PBXFileReference; lastKnownFileType = text.plist.strings; name = en; path = en.lproj/InfoPlist.strings; sourceTree = "<group>"; };
		930F07691575962100F39890 /* iMNet_v2Tests.h */ = {isa = PBXFileReference; lastKnownFileType = sourcecode.c.h; path = iMNet_v2Tests.h; sourceTree = "<group>"; };
		930F076A1575962100F39890 /* iMNet_v2Tests.m */ = {isa = PBXFileReference; lastKnownFileType = sourcecode.c.objc; path = iMNet_v2Tests.m; sourceTree = "<group>"; };
		9318A32D1575B400000E877A /* SettingsViewController.h */ = {isa = PBXFileReference; fileEncoding = 4; lastKnownFileType = sourcecode.c.h; name = SettingsViewController.h; path = ../SettingsViewController.h; sourceTree = "<group>"; };
		9318A32E1575B400000E877A /* SettingsViewController.m */ = {isa = PBXFileReference; fileEncoding = 4; lastKnownFileType = sourcecode.c.objc; name = SettingsViewController.m; path = ../SettingsViewController.m; sourceTree = "<group>"; };
		9356E2D515792D9100756ED2 /* green.png */ = {isa = PBXFileReference; lastKnownFileType = image.png; path = green.png; sourceTree = "<group>"; };
		9356E2D615792D9100756ED2 /* grey.png */ = {isa = PBXFileReference; lastKnownFileType = image.png; path = grey.png; sourceTree = "<group>"; };
		9356E2DF1579420700756ED2 /* MessageLogViewController.h */ = {isa = PBXFileReference; fileEncoding = 4; lastKnownFileType = sourcecode.c.h; path = MessageLogViewController.h; sourceTree = "<group>"; };
		9356E2E01579420700756ED2 /* MessageLogViewController.m */ = {isa = PBXFileReference; fileEncoding = 4; lastKnownFileType = sourcecode.c.objc; path = MessageLogViewController.m; sourceTree = "<group>"; };
		9356E2F5157ACE0F00756ED2 /* libRscMgrUniv.a */ = {isa = PBXFileReference; lastKnownFileType = archive.ar; path = libRscMgrUniv.a; sourceTree = "<group>"; };
		9356E2F6157ACE0F00756ED2 /* redparkSerial.h */ = {isa = PBXFileReference; fileEncoding = 4; lastKnownFileType = sourcecode.c.h; path = redparkSerial.h; sourceTree = "<group>"; };
		9356E2F7157ACE0F00756ED2 /* RscMgr.h */ = {isa = PBXFileReference; fileEncoding = 4; lastKnownFileType = sourcecode.c.h; path = RscMgr.h; sourceTree = "<group>"; };
		938C43DB157F4569008508DB /* NetworkSettingsViewController.h */ = {isa = PBXFileReference; fileEncoding = 4; lastKnownFileType = sourcecode.c.h; path = NetworkSettingsViewController.h; sourceTree = "<group>"; };
		938C43DC157F4569008508DB /* NetworkSettingsViewController.m */ = {isa = PBXFileReference; fileEncoding = 4; lastKnownFileType = sourcecode.c.objc; path = NetworkSettingsViewController.m; sourceTree = "<group>"; };
		938E8130157ACFEA00E7DCC7 /* ExternalAccessory.framework */ = {isa = PBXFileReference; lastKnownFileType = wrapper.framework; name = ExternalAccessory.framework; path = System/Library/Frameworks/ExternalAccessory.framework; sourceTree = SDKROOT; };
		93B13B34157AE4FE006F5BA4 /* hexConvert.h */ = {isa = PBXFileReference; fileEncoding = 4; lastKnownFileType = sourcecode.c.h; path = hexConvert.h; sourceTree = SOURCE_ROOT; };
		93B13B35157AE4FE006F5BA4 /* hexConvert.m */ = {isa = PBXFileReference; fileEncoding = 4; lastKnownFileType = sourcecode.c.objc; path = hexConvert.m; sourceTree = SOURCE_ROOT; };
		93B13B36157AE4FE006F5BA4 /* XbeeRx.h */ = {isa = PBXFileReference; fileEncoding = 4; lastKnownFileType = sourcecode.c.h; path = XbeeRx.h; sourceTree = SOURCE_ROOT; };
		93B13B37157AE4FE006F5BA4 /* XbeeRx.m */ = {isa = PBXFileReference; fileEncoding = 4; lastKnownFileType = sourcecode.c.objc; path = XbeeRx.m; sourceTree = SOURCE_ROOT; };
		93B13B38157AE4FE006F5BA4 /* XbeeTx.h */ = {isa = PBXFileReference; fileEncoding = 4; lastKnownFileType = sourcecode.c.h; path = XbeeTx.h; sourceTree = SOURCE_ROOT; };
		93B13B39157AE4FE006F5BA4 /* XbeeTx.m */ = {isa = PBXFileReference; fileEncoding = 4; lastKnownFileType = sourcecode.c.objc; path = XbeeTx.m; sourceTree = SOURCE_ROOT; };
		93E7171C1575A0120089A3D8 /* MessageViewController.h */ = {isa = PBXFileReference; fileEncoding = 4; lastKnownFileType = sourcecode.c.h; name = MessageViewController.h; path = ../MessageViewController.h; sourceTree = "<group>"; };
		93E7171D1575A0120089A3D8 /* MessageViewController.m */ = {isa = PBXFileReference; fileEncoding = 4; lastKnownFileType = sourcecode.c.objc; name = MessageViewController.m; path = ../MessageViewController.m; sourceTree = "<group>"; };
		93E7171F1575A0D50089A3D8 /* ContactsViewController.h */ = {isa = PBXFileReference; fileEncoding = 4; lastKnownFileType = sourcecode.c.h; path = ContactsViewController.h; sourceTree = "<group>"; };
		93E717201575A0D50089A3D8 /* ContactsViewController.m */ = {isa = PBXFileReference; fileEncoding = 4; lastKnownFileType = sourcecode.c.objc; path = ContactsViewController.m; sourceTree = "<group>"; };
		93E717251575A8720089A3D8 /* ContactDetailsViewController.h */ = {isa = PBXFileReference; fileEncoding = 4; lastKnownFileType = sourcecode.c.h; path = ContactDetailsViewController.h; sourceTree = "<group>"; };
		93E717261575A8720089A3D8 /* ContactDetailsViewController.m */ = {isa = PBXFileReference; fileEncoding = 4; lastKnownFileType = sourcecode.c.objc; path = ContactDetailsViewController.m; sourceTree = "<group>"; };
		93E717281575ABF00089A3D8 /* PersonalInfoViewController.h */ = {isa = PBXFileReference; fileEncoding = 4; lastKnownFileType = sourcecode.c.h; path = PersonalInfoViewController.h; sourceTree = "<group>"; };
		93E717291575ABF00089A3D8 /* PersonalInfoViewController.m */ = {isa = PBXFileReference; fileEncoding = 4; lastKnownFileType = sourcecode.c.objc; path = PersonalInfoViewController.m; sourceTree = "<group>"; };
		9F02491D15765B27008DDD6B /* loading.png */ = {isa = PBXFileReference; lastKnownFileType = image.png; name = loading.png; path = "../../route-me/MapView/Map/Resources/loading.png"; sourceTree = "<group>"; };
		9F02491E15765B27008DDD6B /* marker-X.png */ = {isa = PBXFileReference; lastKnownFileType = image.png; name = "marker-X.png"; path = "route-me/MapView/Map/Resources/../marker-X.png"; sourceTree = SOURCE_ROOT; };
		9F02491F15765B27008DDD6B /* marker-blue.png */ = {isa = PBXFileReference; lastKnownFileType = image.png; name = "marker-blue.png"; path = "../../route-me/MapView/Map/Resources/marker-blue.png"; sourceTree = "<group>"; };
		9F02492015765B27008DDD6B /* marker-red-withletter.png */ = {isa = PBXFileReference; lastKnownFileType = image.png; name = "marker-red-withletter.png"; path = "../../route-me/MapView/Map/Resources/marker-red-withletter.png"; sourceTree = "<group>"; };
		9F02492115765B27008DDD6B /* marker-red.png */ = {isa = PBXFileReference; lastKnownFileType = image.png; name = "marker-red.png"; path = "../../route-me/MapView/Map/Resources/marker-red.png"; sourceTree = "<group>"; };
		9F02492215765B27008DDD6B /* marker-blue-withletter.png */ = {isa = PBXFileReference; lastKnownFileType = image.png; name = "marker-blue-withletter.png"; path = "../../route-me/MapView/Map/Resources/marker-blue-withletter.png"; sourceTree = "<group>"; };
		9F02492915765C9B008DDD6B /* 13-target.png */ = {isa = PBXFileReference; lastKnownFileType = image.png; path = "13-target.png"; sourceTree = "<group>"; };
		9F02492A15765C9B008DDD6B /* 71-compass.png */ = {isa = PBXFileReference; lastKnownFileType = image.png; path = "71-compass.png"; sourceTree = "<group>"; };
		9F02492B15765C9B008DDD6B /* 72-pin.png */ = {isa = PBXFileReference; lastKnownFileType = image.png; path = "72-pin.png"; sourceTree = "<group>"; };
		9F02492C15765C9B008DDD6B /* 73-radar.png */ = {isa = PBXFileReference; lastKnownFileType = image.png; path = "73-radar.png"; sourceTree = "<group>"; };
		9F02492D15765C9B008DDD6B /* 74-location.png */ = {isa = PBXFileReference; lastKnownFileType = image.png; path = "74-location.png"; sourceTree = "<group>"; };
		9F02492E15765C9B008DDD6B /* 81-dashboard.png */ = {isa = PBXFileReference; lastKnownFileType = image.png; path = "81-dashboard.png"; sourceTree = "<group>"; };
		9F02492F15765C9C008DDD6B /* 193-location-arrow.png */ = {isa = PBXFileReference; lastKnownFileType = image.png; path = "193-location-arrow.png"; sourceTree = "<group>"; };
		9F02493B1576669C008DDD6B /* delete_24.png */ = {isa = PBXFileReference; lastKnownFileType = image.png; path = delete_24.png; sourceTree = "<group>"; };
		9F02493D157666FC008DDD6B /* information_24.png */ = {isa = PBXFileReference; lastKnownFileType = image.png; path = information_24.png; sourceTree = "<group>"; };
		9F03C9E01576158500554DCE /* MapView.xcodeproj */ = {isa = PBXFileReference; lastKnownFileType = "wrapper.pb-project"; name = MapView.xcodeproj; path = "route-me/MapView/MapView.xcodeproj"; sourceTree = "<group>"; };
		9F03C9FA157615E800554DCE /* CoreLocation.framework */ = {isa = PBXFileReference; lastKnownFileType = wrapper.framework; name = CoreLocation.framework; path = System/Library/Frameworks/CoreLocation.framework; sourceTree = SDKROOT; };
		9F03C9FC157615FD00554DCE /* QuartzCore.framework */ = {isa = PBXFileReference; lastKnownFileType = wrapper.framework; name = QuartzCore.framework; path = System/Library/Frameworks/QuartzCore.framework; sourceTree = SDKROOT; };
		9F03C9FE1576161600554DCE /* libsqlite3.dylib */ = {isa = PBXFileReference; lastKnownFileType = "compiled.mach-o.dylib"; name = libsqlite3.dylib; path = usr/lib/libsqlite3.dylib; sourceTree = SDKROOT; };
		9F100E411577E513008E3015 /* CoreData.framework */ = {isa = PBXFileReference; lastKnownFileType = wrapper.framework; name = CoreData.framework; path = System/Library/Frameworks/CoreData.framework; sourceTree = SDKROOT; };
		9F20B46715767441004315B1 /* AddPinInfoViewController.h */ = {isa = PBXFileReference; fileEncoding = 4; lastKnownFileType = sourcecode.c.h; path = AddPinInfoViewController.h; sourceTree = "<group>"; };
		9F20B46815767441004315B1 /* AddPinInfoViewController.m */ = {isa = PBXFileReference; fileEncoding = 4; lastKnownFileType = sourcecode.c.objc; path = AddPinInfoViewController.m; sourceTree = "<group>"; };
		9F20B47C15768680004315B1 /* MapChoseTableViewController.h */ = {isa = PBXFileReference; fileEncoding = 4; lastKnownFileType = sourcecode.c.h; path = MapChoseTableViewController.h; sourceTree = "<group>"; };
		9F20B47D15768680004315B1 /* MapChoseTableViewController.m */ = {isa = PBXFileReference; fileEncoding = 4; lastKnownFileType = sourcecode.c.objc; path = MapChoseTableViewController.m; sourceTree = "<group>"; };
		9F2442801577EBDD001D3876 /* Contacts.h */ = {isa = PBXFileReference; fileEncoding = 4; lastKnownFileType = sourcecode.c.h; path = Contacts.h; sourceTree = "<group>"; };
		9F2442811577EBDD001D3876 /* Contacts.m */ = {isa = PBXFileReference; fileEncoding = 4; lastKnownFileType = sourcecode.c.objc; path = Contacts.m; sourceTree = "<group>"; };
		9F4F7D3815761A780040496D /* control-room-0.2.0.mbtiles */ = {isa = PBXFileReference; lastKnownFileType = file; path = "control-room-0.2.0.mbtiles"; sourceTree = "<group>"; };
		9F4F7D3915761A780040496D /* geography-class_f9f8b8.mbtiles */ = {isa = PBXFileReference; lastKnownFileType = file; path = "geography-class_f9f8b8.mbtiles"; sourceTree = "<group>"; };
		9F4F7D3A15761A780040496D /* ConvertLocationData.h */ = {isa = PBXFileReference; fileEncoding = 4; lastKnownFileType = sourcecode.c.h; path = ConvertLocationData.h; sourceTree = "<group>"; };
		9F4F7D3B15761A780040496D /* ConvertLocationData.m */ = {isa = PBXFileReference; fileEncoding = 4; lastKnownFileType = sourcecode.c.objc; path = ConvertLocationData.m; sourceTree = "<group>"; };
		9F4F7D3C15761A780040496D /* DataClass.h */ = {isa = PBXFileReference; fileEncoding = 4; lastKnownFileType = sourcecode.c.h; path = DataClass.h; sourceTree = "<group>"; };
		9F4F7D3D15761A780040496D /* DataClass.m */ = {isa = PBXFileReference; fileEncoding = 4; lastKnownFileType = sourcecode.c.objc; path = DataClass.m; sourceTree = "<group>"; };
		9F4F7D3E15761A780040496D /* MyCLController.h */ = {isa = PBXFileReference; fileEncoding = 4; lastKnownFileType = sourcecode.c.h; path = MyCLController.h; sourceTree = "<group>"; };
		9F4F7D3F15761A780040496D /* MyCLController.m */ = {isa = PBXFileReference; fileEncoding = 4; lastKnownFileType = sourcecode.c.objc; path = MyCLController.m; sourceTree = "<group>"; };
		9F4F7D4515761B0E0040496D /* MapViewController.h */ = {isa = PBXFileReference; fileEncoding = 4; lastKnownFileType = sourcecode.c.h; path = MapViewController.h; sourceTree = "<group>"; };
		9F4F7D4615761B0E0040496D /* MapViewController.m */ = {isa = PBXFileReference; fileEncoding = 4; lastKnownFileType = sourcecode.c.objc; path = MapViewController.m; sourceTree = "<group>"; };
		9F4F7D4C15762EF50040496D /* iMNet icon.png */ = {isa = PBXFileReference; lastKnownFileType = image.png; name = "iMNet icon.png"; path = "../../iMNet icon.png"; sourceTree = "<group>"; };
		9F68F1A41577BFE90087B5C2 /* london_hyde_park_72f42f.mbtiles */ = {isa = PBXFileReference; lastKnownFileType = file; path = london_hyde_park_72f42f.mbtiles; sourceTree = "<group>"; };
/* End PBXFileReference section */

/* Begin PBXFrameworksBuildPhase section */
		930F072A1575962100F39890 /* Frameworks */ = {
			isa = PBXFrameworksBuildPhase;
			buildActionMask = 2147483647;
			files = (
				938E8131157ACFEA00E7DCC7 /* ExternalAccessory.framework in Frameworks */,
				9F100E421577E513008E3015 /* CoreData.framework in Frameworks */,
				9F03C9FF1576161600554DCE /* libsqlite3.dylib in Frameworks */,
				9F03CA001576162100554DCE /* libMapView.a in Frameworks */,
				9F03C9FD157615FE00554DCE /* QuartzCore.framework in Frameworks */,
				9F03C9FB157615E800554DCE /* CoreLocation.framework in Frameworks */,
				930F07321575962100F39890 /* UIKit.framework in Frameworks */,
				930F07341575962100F39890 /* Foundation.framework in Frameworks */,
				930F07361575962100F39890 /* CoreGraphics.framework in Frameworks */,
				9356E2F8157ACE0F00756ED2 /* libRscMgrUniv.a in Frameworks */,
			);
			runOnlyForDeploymentPostprocessing = 0;
		};
		930F07581575962100F39890 /* Frameworks */ = {
			isa = PBXFrameworksBuildPhase;
			buildActionMask = 2147483647;
			files = (
				930F075E1575962100F39890 /* SenTestingKit.framework in Frameworks */,
				930F075F1575962100F39890 /* UIKit.framework in Frameworks */,
				930F07601575962100F39890 /* Foundation.framework in Frameworks */,
			);
			runOnlyForDeploymentPostprocessing = 0;
		};
/* End PBXFrameworksBuildPhase section */

/* Begin PBXGroup section */
		9301FB481575BA6000D20688 /* icons */ = {
			isa = PBXGroup;
			children = (
				9F02491D15765B27008DDD6B /* loading.png */,
				9F02491E15765B27008DDD6B /* marker-X.png */,
				9F02491F15765B27008DDD6B /* marker-blue.png */,
				9F02492015765B27008DDD6B /* marker-red-withletter.png */,
				9F02492115765B27008DDD6B /* marker-red.png */,
				9F02492215765B27008DDD6B /* marker-blue-withletter.png */,
				9F4F7D4C15762EF50040496D /* iMNet icon.png */,
				9301FB491575BA6000D20688 /* ContactsIcon.png */,
				9301FB4A1575BA6000D20688 /* MapViewIcon.png */,
				9301FB4B1575BA6000D20688 /* MessageIcon.png */,
				9301FB4C1575BA6000D20688 /* SettingsIcon.png */,
				9F02492915765C9B008DDD6B /* 13-target.png */,
				9F02492A15765C9B008DDD6B /* 71-compass.png */,
				9F02492B15765C9B008DDD6B /* 72-pin.png */,
				9F02492C15765C9B008DDD6B /* 73-radar.png */,
				9F02492D15765C9B008DDD6B /* 74-location.png */,
				9F02492E15765C9B008DDD6B /* 81-dashboard.png */,
				9F02492F15765C9C008DDD6B /* 193-location-arrow.png */,
				9F02493B1576669C008DDD6B /* delete_24.png */,
				9F02493D157666FC008DDD6B /* information_24.png */,
				9356E2D515792D9100756ED2 /* green.png */,
				9356E2D615792D9100756ED2 /* grey.png */,
			);
			name = icons;
			path = "iMNet v2/icons";
			sourceTree = "<group>";
		};
		9302F3081577E36E00DA6648 /* Data Classes */ = {
			isa = PBXGroup;
			children = (
				9302F3121577E3A700DA6648 /* iMNetData.xcdatamodeld */,
				9F2442801577EBDD001D3876 /* Contacts.h */,
				9F2442811577EBDD001D3876 /* Contacts.m */,
				9302F3091577E39800DA6648 /* Location.h */,
				9302F30A1577E39800DA6648 /* Location.m */,
				9302F30B1577E39800DA6648 /* Messages.h */,
				9302F30C1577E39800DA6648 /* Messages.m */,
				9302F30D1577E39800DA6648 /* OwnSettings.h */,
				9302F30E1577E39800DA6648 /* OwnSettings.m */,
				9302F3031577E36300DA6648 /* Images.h */,
				9302F3041577E36300DA6648 /* Images.m */,
			);
			name = "Data Classes";
			sourceTree = "<group>";
		};
		930F07221575962100F39890 = {
			isa = PBXGroup;
			children = (
				93B13B3D157AE504006F5BA4 /* xbee classes */,
				938E8130157ACFEA00E7DCC7 /* ExternalAccessory.framework */,
				9356E2F4157ACE0F00756ED2 /* redpark */,
				9F100E411577E513008E3015 /* CoreData.framework */,
				9302F3081577E36E00DA6648 /* Data Classes */,
				9F03C9E01576158500554DCE /* MapView.xcodeproj */,
				9301FB481575BA6000D20688 /* icons */,
				9F4F7D3715761A2E0040496D /* Map */,
				93E7171B15759F650089A3D8 /* View Controllers */,
				930F07371575962100F39890 /* iMNet v2 */,
				930F07631575962100F39890 /* iMNet v2Tests */,
				930F07301575962100F39890 /* Frameworks */,
				930F072E1575962100F39890 /* Products */,
			);
			sourceTree = "<group>";
		};
		930F072E1575962100F39890 /* Products */ = {
			isa = PBXGroup;
			children = (
				930F072D1575962100F39890 /* iMNet v2.app */,
				930F075C1575962100F39890 /* iMNet v2Tests.octest */,
			);
			name = Products;
			sourceTree = "<group>";
		};
		930F07301575962100F39890 /* Frameworks */ = {
			isa = PBXGroup;
			children = (
				9F03C9FE1576161600554DCE /* libsqlite3.dylib */,
				9F03C9FC157615FD00554DCE /* QuartzCore.framework */,
				9F03C9FA157615E800554DCE /* CoreLocation.framework */,
				930F07311575962100F39890 /* UIKit.framework */,
				930F07331575962100F39890 /* Foundation.framework */,
				930F07351575962100F39890 /* CoreGraphics.framework */,
				930F075D1575962100F39890 /* SenTestingKit.framework */,
			);
			name = Frameworks;
			sourceTree = "<group>";
		};
		930F07371575962100F39890 /* iMNet v2 */ = {
			isa = PBXGroup;
			children = (
				930F07401575962100F39890 /* AppDelegate.h */,
				930F07411575962100F39890 /* AppDelegate.m */,
				930F07431575962100F39890 /* MainStoryboard_iPhone.storyboard */,
				930F07461575962100F39890 /* MainStoryboard_iPad.storyboard */,
				930F07381575962100F39890 /* Supporting Files */,
			);
			path = "iMNet v2";
			sourceTree = "<group>";
		};
		930F07381575962100F39890 /* Supporting Files */ = {
			isa = PBXGroup;
			children = (
				930F07391575962100F39890 /* iMNet v2-Info.plist */,
				930F073A1575962100F39890 /* InfoPlist.strings */,
				930F073D1575962100F39890 /* main.m */,
				930F073F1575962100F39890 /* iMNet v2-Prefix.pch */,
			);
			name = "Supporting Files";
			sourceTree = "<group>";
		};
		930F07631575962100F39890 /* iMNet v2Tests */ = {
			isa = PBXGroup;
			children = (
				930F07691575962100F39890 /* iMNet_v2Tests.h */,
				930F076A1575962100F39890 /* iMNet_v2Tests.m */,
				930F07641575962100F39890 /* Supporting Files */,
			);
			path = "iMNet v2Tests";
			sourceTree = "<group>";
		};
		930F07641575962100F39890 /* Supporting Files */ = {
			isa = PBXGroup;
			children = (
				930F07651575962100F39890 /* iMNet v2Tests-Info.plist */,
				930F07661575962100F39890 /* InfoPlist.strings */,
			);
			name = "Supporting Files";
			sourceTree = "<group>";
		};
		9356E2F4157ACE0F00756ED2 /* redpark */ = {
			isa = PBXGroup;
			children = (
				9356E2F5157ACE0F00756ED2 /* libRscMgrUniv.a */,
				9356E2F6157ACE0F00756ED2 /* redparkSerial.h */,
				9356E2F7157ACE0F00756ED2 /* RscMgr.h */,
			);
			path = redpark;
			sourceTree = "<group>";
		};
		93B13B3D157AE504006F5BA4 /* xbee classes */ = {
			isa = PBXGroup;
			children = (
				93B13B34157AE4FE006F5BA4 /* hexConvert.h */,
				93B13B35157AE4FE006F5BA4 /* hexConvert.m */,
				93B13B36157AE4FE006F5BA4 /* XbeeRx.h */,
				93B13B37157AE4FE006F5BA4 /* XbeeRx.m */,
				93B13B38157AE4FE006F5BA4 /* XbeeTx.h */,
				93B13B39157AE4FE006F5BA4 /* XbeeTx.m */,
			);
			name = "xbee classes";
			path = "iMNet v2";
			sourceTree = "<group>";
		};
		93E7171B15759F650089A3D8 /* View Controllers */ = {
			isa = PBXGroup;
			children = (
				93E7171F1575A0D50089A3D8 /* ContactsViewController.h */,
				93E717201575A0D50089A3D8 /* ContactsViewController.m */,
				93E717251575A8720089A3D8 /* ContactDetailsViewController.h */,
				93E717261575A8720089A3D8 /* ContactDetailsViewController.m */,
				93E7171C1575A0120089A3D8 /* MessageViewController.h */,
				93E7171D1575A0120089A3D8 /* MessageViewController.m */,
				9318A32D1575B400000E877A /* SettingsViewController.h */,
				9318A32E1575B400000E877A /* SettingsViewController.m */,
				938C43DB157F4569008508DB /* NetworkSettingsViewController.h */,
				938C43DC157F4569008508DB /* NetworkSettingsViewController.m */,
				93E717281575ABF00089A3D8 /* PersonalInfoViewController.h */,
				93E717291575ABF00089A3D8 /* PersonalInfoViewController.m */,
				9F4F7D4515761B0E0040496D /* MapViewController.h */,
				9F4F7D4615761B0E0040496D /* MapViewController.m */,
				9F20B46715767441004315B1 /* AddPinInfoViewController.h */,
				9F20B46815767441004315B1 /* AddPinInfoViewController.m */,
				9F20B47C15768680004315B1 /* MapChoseTableViewController.h */,
				9F20B47D15768680004315B1 /* MapChoseTableViewController.m */,
				9356E2DF1579420700756ED2 /* MessageLogViewController.h */,
				9356E2E01579420700756ED2 /* MessageLogViewController.m */,
			);
			name = "View Controllers";
			path = "iMNet v2";
			sourceTree = "<group>";
		};
		9F03C9E11576158500554DCE /* Products */ = {
			isa = PBXGroup;
			children = (
				9F03C9F11576158600554DCE /* libMapView.a */,
				9F03C9F31576158600554DCE /* MapViewTests.octest */,
				9F03C9F51576158600554DCE /* RM Unit Tests.app */,
			);
			name = Products;
			sourceTree = "<group>";
		};
		9F4F7D3715761A2E0040496D /* Map */ = {
			isa = PBXGroup;
			children = (
				9F4F7D3815761A780040496D /* control-room-0.2.0.mbtiles */,
				9F68F1A41577BFE90087B5C2 /* london_hyde_park_72f42f.mbtiles */,
				9F4F7D3915761A780040496D /* geography-class_f9f8b8.mbtiles */,
				9F4F7D3A15761A780040496D /* ConvertLocationData.h */,
				9F4F7D3B15761A780040496D /* ConvertLocationData.m */,
				9F4F7D3C15761A780040496D /* DataClass.h */,
				9F4F7D3D15761A780040496D /* DataClass.m */,
				9F4F7D3E15761A780040496D /* MyCLController.h */,
				9F4F7D3F15761A780040496D /* MyCLController.m */,
			);
			name = Map;
			path = "iMNet v2";
			sourceTree = "<group>";
		};
/* End PBXGroup section */

/* Begin PBXNativeTarget section */
		930F072C1575962100F39890 /* iMNet v2 */ = {
			isa = PBXNativeTarget;
			buildConfigurationList = 930F076E1575962100F39890 /* Build configuration list for PBXNativeTarget "iMNet v2" */;
			buildPhases = (
				930F07291575962100F39890 /* Sources */,
				930F072A1575962100F39890 /* Frameworks */,
				930F072B1575962100F39890 /* Resources */,
			);
			buildRules = (
			);
			dependencies = (
				9F4F7D4B157623DD0040496D /* PBXTargetDependency */,
			);
			name = "iMNet v2";
			productName = "iMNet v2";
			productReference = 930F072D1575962100F39890 /* iMNet v2.app */;
			productType = "com.apple.product-type.application";
		};
		930F075B1575962100F39890 /* iMNet v2Tests */ = {
			isa = PBXNativeTarget;
			buildConfigurationList = 930F07711575962100F39890 /* Build configuration list for PBXNativeTarget "iMNet v2Tests" */;
			buildPhases = (
				930F07571575962100F39890 /* Sources */,
				930F07581575962100F39890 /* Frameworks */,
				930F07591575962100F39890 /* Resources */,
				930F075A1575962100F39890 /* ShellScript */,
			);
			buildRules = (
			);
			dependencies = (
				930F07621575962100F39890 /* PBXTargetDependency */,
			);
			name = "iMNet v2Tests";
			productName = "iMNet v2Tests";
			productReference = 930F075C1575962100F39890 /* iMNet v2Tests.octest */;
			productType = "com.apple.product-type.bundle";
		};
/* End PBXNativeTarget section */

/* Begin PBXProject section */
		930F07241575962100F39890 /* Project object */ = {
			isa = PBXProject;
			attributes = {
				LastUpgradeCheck = 0420;
			};
			buildConfigurationList = 930F07271575962100F39890 /* Build configuration list for PBXProject "iMNet v2" */;
			compatibilityVersion = "Xcode 3.2";
			developmentRegion = English;
			hasScannedForEncodings = 0;
			knownRegions = (
				en,
			);
			mainGroup = 930F07221575962100F39890;
			productRefGroup = 930F072E1575962100F39890 /* Products */;
			projectDirPath = "";
			projectReferences = (
				{
					ProductGroup = 9F03C9E11576158500554DCE /* Products */;
					ProjectRef = 9F03C9E01576158500554DCE /* MapView.xcodeproj */;
				},
			);
			projectRoot = "";
			targets = (
				930F072C1575962100F39890 /* iMNet v2 */,
				930F075B1575962100F39890 /* iMNet v2Tests */,
			);
		};
/* End PBXProject section */

/* Begin PBXReferenceProxy section */
		9F03C9F11576158600554DCE /* libMapView.a */ = {
			isa = PBXReferenceProxy;
			fileType = archive.ar;
			path = libMapView.a;
			remoteRef = 9F03C9F01576158600554DCE /* PBXContainerItemProxy */;
			sourceTree = BUILT_PRODUCTS_DIR;
		};
		9F03C9F31576158600554DCE /* MapViewTests.octest */ = {
			isa = PBXReferenceProxy;
			fileType = wrapper.cfbundle;
			path = MapViewTests.octest;
			remoteRef = 9F03C9F21576158600554DCE /* PBXContainerItemProxy */;
			sourceTree = BUILT_PRODUCTS_DIR;
		};
		9F03C9F51576158600554DCE /* RM Unit Tests.app */ = {
			isa = PBXReferenceProxy;
			fileType = wrapper.application;
			path = "RM Unit Tests.app";
			remoteRef = 9F03C9F41576158600554DCE /* PBXContainerItemProxy */;
			sourceTree = BUILT_PRODUCTS_DIR;
		};
/* End PBXReferenceProxy section */

/* Begin PBXResourcesBuildPhase section */
		930F072B1575962100F39890 /* Resources */ = {
			isa = PBXResourcesBuildPhase;
			buildActionMask = 2147483647;
			files = (
				930F073C1575962100F39890 /* InfoPlist.strings in Resources */,
				930F07451575962100F39890 /* MainStoryboard_iPhone.storyboard in Resources */,
				930F07481575962100F39890 /* MainStoryboard_iPad.storyboard in Resources */,
				9301FB4D1575BA6000D20688 /* ContactsIcon.png in Resources */,
				9301FB4E1575BA6000D20688 /* MapViewIcon.png in Resources */,
				9301FB4F1575BA6000D20688 /* MessageIcon.png in Resources */,
				9301FB501575BA6000D20688 /* SettingsIcon.png in Resources */,
				9F4F7D4015761A780040496D /* control-room-0.2.0.mbtiles in Resources */,
				9F4F7D4115761A780040496D /* geography-class_f9f8b8.mbtiles in Resources */,
				9F4F7D4D15762EF50040496D /* iMNet icon.png in Resources */,
				9F02492315765B28008DDD6B /* loading.png in Resources */,
				9F02492415765B28008DDD6B /* marker-X.png in Resources */,
				9F02492515765B28008DDD6B /* marker-blue.png in Resources */,
				9F02492615765B28008DDD6B /* marker-red-withletter.png in Resources */,
				9F02492715765B28008DDD6B /* marker-red.png in Resources */,
				9F02492815765B28008DDD6B /* marker-blue-withletter.png in Resources */,
				9F02493015765C9C008DDD6B /* 13-target.png in Resources */,
				9F02493115765C9C008DDD6B /* 71-compass.png in Resources */,
				9F02493215765C9C008DDD6B /* 72-pin.png in Resources */,
				9F02493315765C9C008DDD6B /* 73-radar.png in Resources */,
				9F02493415765C9C008DDD6B /* 74-location.png in Resources */,
				9F02493515765C9C008DDD6B /* 81-dashboard.png in Resources */,
				9F02493615765C9C008DDD6B /* 193-location-arrow.png in Resources */,
				9F02493C1576669C008DDD6B /* delete_24.png in Resources */,
				9F02493E157666FC008DDD6B /* information_24.png in Resources */,
				9F68F1A51577BFE90087B5C2 /* london_hyde_park_72f42f.mbtiles in Resources */,
				9FBA7AC51577E6A6003C3F14 /* MainStoryboard_iPhone.storyboard in Resources */,
				9356E2D715792D9100756ED2 /* green.png in Resources */,
				9356E2D815792D9100756ED2 /* grey.png in Resources */,
			);
			runOnlyForDeploymentPostprocessing = 0;
		};
		930F07591575962100F39890 /* Resources */ = {
			isa = PBXResourcesBuildPhase;
			buildActionMask = 2147483647;
			files = (
				930F07681575962100F39890 /* InfoPlist.strings in Resources */,
			);
			runOnlyForDeploymentPostprocessing = 0;
		};
/* End PBXResourcesBuildPhase section */

/* Begin PBXShellScriptBuildPhase section */
		930F075A1575962100F39890 /* ShellScript */ = {
			isa = PBXShellScriptBuildPhase;
			buildActionMask = 2147483647;
			files = (
			);
			inputPaths = (
			);
			outputPaths = (
			);
			runOnlyForDeploymentPostprocessing = 0;
			shellPath = /bin/sh;
			shellScript = "# Run the unit tests in this test bundle.\n\"${SYSTEM_DEVELOPER_DIR}/Tools/RunUnitTests\"\n";
		};
/* End PBXShellScriptBuildPhase section */

/* Begin PBXSourcesBuildPhase section */
		930F07291575962100F39890 /* Sources */ = {
			isa = PBXSourcesBuildPhase;
			buildActionMask = 2147483647;
			files = (
				930F073E1575962100F39890 /* main.m in Sources */,
				930F07421575962100F39890 /* AppDelegate.m in Sources */,
				93E7171E1575A0120089A3D8 /* MessageViewController.m in Sources */,
				93E717211575A0D50089A3D8 /* ContactsViewController.m in Sources */,
				93E717271575A8720089A3D8 /* ContactDetailsViewController.m in Sources */,
				93E7172A1575ABF00089A3D8 /* PersonalInfoViewController.m in Sources */,
				9318A32F1575B401000E877A /* SettingsViewController.m in Sources */,
				9F4F7D4215761A780040496D /* ConvertLocationData.m in Sources */,
				9F4F7D4315761A780040496D /* DataClass.m in Sources */,
				9F4F7D4415761A780040496D /* MyCLController.m in Sources */,
				9F4F7D4715761B0E0040496D /* MapViewController.m in Sources */,
				9F20B46915767441004315B1 /* AddPinInfoViewController.m in Sources */,
				9F20B47E15768680004315B1 /* MapChoseTableViewController.m in Sources */,
				9302F3061577E36300DA6648 /* Images.m in Sources */,
				9302F30F1577E39800DA6648 /* Location.m in Sources */,
				9302F3101577E39800DA6648 /* Messages.m in Sources */,
				9302F3111577E39800DA6648 /* OwnSettings.m in Sources */,
				9302F3141577E3A700DA6648 /* iMNetData.xcdatamodeld in Sources */,
				9F2442821577EBDD001D3876 /* Contacts.m in Sources */,
				9356E2E11579420700756ED2 /* MessageLogViewController.m in Sources */,
				93B13B3A157AE4FE006F5BA4 /* hexConvert.m in Sources */,
				93B13B3B157AE4FE006F5BA4 /* XbeeRx.m in Sources */,
				93B13B3C157AE4FE006F5BA4 /* XbeeTx.m in Sources */,
				938C43DD157F4569008508DB /* NetworkSettingsViewController.m in Sources */,
			);
			runOnlyForDeploymentPostprocessing = 0;
		};
		930F07571575962100F39890 /* Sources */ = {
			isa = PBXSourcesBuildPhase;
			buildActionMask = 2147483647;
			files = (
				930F076B1575962100F39890 /* iMNet_v2Tests.m in Sources */,
			);
			runOnlyForDeploymentPostprocessing = 0;
		};
/* End PBXSourcesBuildPhase section */

/* Begin PBXTargetDependency section */
		930F07621575962100F39890 /* PBXTargetDependency */ = {
			isa = PBXTargetDependency;
			target = 930F072C1575962100F39890 /* iMNet v2 */;
			targetProxy = 930F07611575962100F39890 /* PBXContainerItemProxy */;
		};
		9F4F7D4B157623DD0040496D /* PBXTargetDependency */ = {
			isa = PBXTargetDependency;
			name = MapView;
			targetProxy = 9F4F7D4A157623DD0040496D /* PBXContainerItemProxy */;
		};
/* End PBXTargetDependency section */

/* Begin PBXVariantGroup section */
		930F073A1575962100F39890 /* InfoPlist.strings */ = {
			isa = PBXVariantGroup;
			children = (
				930F073B1575962100F39890 /* en */,
			);
			name = InfoPlist.strings;
			sourceTree = "<group>";
		};
		930F07431575962100F39890 /* MainStoryboard_iPhone.storyboard */ = {
			isa = PBXVariantGroup;
			children = (
				930F07441575962100F39890 /* en */,
			);
			name = MainStoryboard_iPhone.storyboard;
			sourceTree = "<group>";
		};
		930F07461575962100F39890 /* MainStoryboard_iPad.storyboard */ = {
			isa = PBXVariantGroup;
			children = (
				930F07471575962100F39890 /* en */,
			);
			name = MainStoryboard_iPad.storyboard;
			sourceTree = "<group>";
		};
		930F07661575962100F39890 /* InfoPlist.strings */ = {
			isa = PBXVariantGroup;
			children = (
				930F07671575962100F39890 /* en */,
			);
			name = InfoPlist.strings;
			sourceTree = "<group>";
		};
/* End PBXVariantGroup section */

/* Begin XCBuildConfiguration section */
		930F076C1575962100F39890 /* Debug */ = {
			isa = XCBuildConfiguration;
			buildSettings = {
				ALWAYS_SEARCH_USER_PATHS = NO;
				ARCHS = "$(ARCHS_STANDARD_32_BIT)";
				CLANG_ENABLE_OBJC_ARC = YES;
				CODE_SIGN_IDENTITY = "iPhone Developer: Kin Loong Bryan Ng (58WK73XE5V)";
				"CODE_SIGN_IDENTITY[sdk=iphoneos*]" = "iPhone Developer";
				COPY_PHASE_STRIP = NO;
				GCC_C_LANGUAGE_STANDARD = gnu99;
				GCC_DYNAMIC_NO_PIC = NO;
				GCC_OPTIMIZATION_LEVEL = 0;
				GCC_PREPROCESSOR_DEFINITIONS = (
					"DEBUG=1",
					"$(inherited)",
				);
				GCC_SYMBOLS_PRIVATE_EXTERN = NO;
				GCC_VERSION = com.apple.compilers.llvm.clang.1_0;
				GCC_WARN_ABOUT_MISSING_PROTOTYPES = YES;
				GCC_WARN_ABOUT_RETURN_TYPE = YES;
				GCC_WARN_UNUSED_VARIABLE = YES;
				IPHONEOS_DEPLOYMENT_TARGET = 5.0;
				PROVISIONING_PROFILE = "E2108272-F2FB-4CA3-80F2-3ED4B1C7FED0";
				"PROVISIONING_PROFILE[sdk=iphoneos*]" = "E2108272-F2FB-4CA3-80F2-3ED4B1C7FED0";
				SDKROOT = iphoneos;
				TARGETED_DEVICE_FAMILY = "1,2";
			};
			name = Debug;
		};
		930F076D1575962100F39890 /* Release */ = {
			isa = XCBuildConfiguration;
			buildSettings = {
				ALWAYS_SEARCH_USER_PATHS = NO;
				ARCHS = "$(ARCHS_STANDARD_32_BIT)";
				CLANG_ENABLE_OBJC_ARC = YES;
				CODE_SIGN_IDENTITY = "";
				"CODE_SIGN_IDENTITY[sdk=iphoneos*]" = "iPhone Developer";
				COPY_PHASE_STRIP = YES;
				GCC_C_LANGUAGE_STANDARD = gnu99;
				GCC_VERSION = com.apple.compilers.llvm.clang.1_0;
				GCC_WARN_ABOUT_MISSING_PROTOTYPES = YES;
				GCC_WARN_ABOUT_RETURN_TYPE = YES;
				GCC_WARN_UNUSED_VARIABLE = YES;
				IPHONEOS_DEPLOYMENT_TARGET = 5.0;
				OTHER_CFLAGS = "-DNS_BLOCK_ASSERTIONS=1";
				SDKROOT = iphoneos;
				TARGETED_DEVICE_FAMILY = "1,2";
				VALIDATE_PRODUCT = YES;
			};
			name = Release;
		};
		930F076F1575962100F39890 /* Debug */ = {
			isa = XCBuildConfiguration;
			buildSettings = {
				FRAMEWORK_SEARCH_PATHS = "";
				GCC_PRECOMPILE_PREFIX_HEADER = YES;
				GCC_PREFIX_HEADER = "iMNet v2/iMNet v2-Prefix.pch";
				HEADER_SEARCH_PATHS = (
					"\"/Users/Bryan/Documents/Coding Projects/iMNet v2/iMNet-v2/route-me/MapView\"/**",
				);
				INFOPLIST_FILE = "iMNet v2/iMNet v2-Info.plist";
				LIBRARY_SEARCH_PATHS = (
					"\"$(SRCROOT)/iMNet v2\"",
					"$(inherited)",
					"\"$(SRCROOT)/redpark\"",
				);
				PRODUCT_NAME = "$(TARGET_NAME)";
				WRAPPER_EXTENSION = app;
			};
			name = Debug;
		};
		930F07701575962100F39890 /* Release */ = {
			isa = XCBuildConfiguration;
			buildSettings = {
				FRAMEWORK_SEARCH_PATHS = "";
				GCC_PRECOMPILE_PREFIX_HEADER = YES;
				GCC_PREFIX_HEADER = "iMNet v2/iMNet v2-Prefix.pch";
				HEADER_SEARCH_PATHS = (
					"\"/Users/Bryan/Documents/Coding Projects/iMNet v2/iMNet-v2/route-me/MapView\"/**",
				);
				INFOPLIST_FILE = "iMNet v2/iMNet v2-Info.plist";
				LIBRARY_SEARCH_PATHS = (
					"\"$(SRCROOT)/iMNet v2\"",
					"$(inherited)",
					"\"$(SRCROOT)/redpark\"",
				);
				PRODUCT_NAME = "$(TARGET_NAME)";
				WRAPPER_EXTENSION = app;
			};
			name = Release;
		};
		930F07721575962100F39890 /* Debug */ = {
			isa = XCBuildConfiguration;
			buildSettings = {
				BUNDLE_LOADER = "$(BUILT_PRODUCTS_DIR)/iMNet v2.app/iMNet v2";
				FRAMEWORK_SEARCH_PATHS = (
					"$(SDKROOT)/Developer/Library/Frameworks",
					"$(DEVELOPER_LIBRARY_DIR)/Frameworks",
				);
				GCC_PRECOMPILE_PREFIX_HEADER = YES;
				GCC_PREFIX_HEADER = "iMNet v2/iMNet v2-Prefix.pch";
				INFOPLIST_FILE = "iMNet v2Tests/iMNet v2Tests-Info.plist";
				PRODUCT_NAME = "$(TARGET_NAME)";
				TEST_HOST = "$(BUNDLE_LOADER)";
				WRAPPER_EXTENSION = octest;
			};
			name = Debug;
		};
		930F07731575962100F39890 /* Release */ = {
			isa = XCBuildConfiguration;
			buildSettings = {
				BUNDLE_LOADER = "$(BUILT_PRODUCTS_DIR)/iMNet v2.app/iMNet v2";
				FRAMEWORK_SEARCH_PATHS = (
					"$(SDKROOT)/Developer/Library/Frameworks",
					"$(DEVELOPER_LIBRARY_DIR)/Frameworks",
				);
				GCC_PRECOMPILE_PREFIX_HEADER = YES;
				GCC_PREFIX_HEADER = "iMNet v2/iMNet v2-Prefix.pch";
				INFOPLIST_FILE = "iMNet v2Tests/iMNet v2Tests-Info.plist";
				PRODUCT_NAME = "$(TARGET_NAME)";
				TEST_HOST = "$(BUNDLE_LOADER)";
				WRAPPER_EXTENSION = octest;
			};
			name = Release;
		};
/* End XCBuildConfiguration section */

/* Begin XCConfigurationList section */
		930F07271575962100F39890 /* Build configuration list for PBXProject "iMNet v2" */ = {
			isa = XCConfigurationList;
			buildConfigurations = (
				930F076C1575962100F39890 /* Debug */,
				930F076D1575962100F39890 /* Release */,
			);
			defaultConfigurationIsVisible = 0;
			defaultConfigurationName = Release;
		};
		930F076E1575962100F39890 /* Build configuration list for PBXNativeTarget "iMNet v2" */ = {
			isa = XCConfigurationList;
			buildConfigurations = (
				930F076F1575962100F39890 /* Debug */,
				930F07701575962100F39890 /* Release */,
			);
			defaultConfigurationIsVisible = 0;
			defaultConfigurationName = Release;
		};
		930F07711575962100F39890 /* Build configuration list for PBXNativeTarget "iMNet v2Tests" */ = {
			isa = XCConfigurationList;
			buildConfigurations = (
				930F07721575962100F39890 /* Debug */,
				930F07731575962100F39890 /* Release */,
			);
			defaultConfigurationIsVisible = 0;
			defaultConfigurationName = Release;
		};
/* End XCConfigurationList section */

/* Begin XCVersionGroup section */
		9302F3121577E3A700DA6648 /* iMNetData.xcdatamodeld */ = {
			isa = XCVersionGroup;
			children = (
				9302F3131577E3A700DA6648 /* iMNetData.xcdatamodel */,
			);
			currentVersion = 9302F3131577E3A700DA6648 /* iMNetData.xcdatamodel */;
			name = iMNetData.xcdatamodeld;
			path = "iMNet v2/iMNetData.xcdatamodeld";
			sourceTree = "<group>";
			versionGroupType = wrapper.xcdatamodel;
		};
/* End XCVersionGroup section */
	};
	rootObject = 930F07241575962100F39890 /* Project object */;
}
